
Microsoft Visual Studio Solution File, Format Version 12.00
# Visual Studio Version 17
VisualStudioVersion = 17.5.33424.131
MinimumVisualStudioVersion = 10.0.40219.1
Project("{FAE04EC0-301F-11D3-BF4B-00C04F79EFBC}") = "Gamer.Android", "Gamer\Gamer.Android\Gamer.Android.csproj", "{D7AA36A4-7AA4-47C5-B41B-FA5C4C323F7C}"
EndProject
Project("{FAE04EC0-301F-11D3-BF4B-00C04F79EFBC}") = "Gamer", "Gamer\Gamer\Gamer.csproj", "{F478B773-B22C-41FF-85F9-5BD8AB151E47}"
EndProject
Global
	GlobalSection(SolutionConfigurationPlatforms) = preSolution
		Debug|Any CPU = Debug|Any CPU
		Release|Any CPU = Release|Any CPU
	EndGlobalSection
	GlobalSection(ProjectConfigurationPlatforms) = postSolution
		{D7AA36A4-7AA4-47C5-B41B-FA5C4C323F7C}.Debug|Any CPU.ActiveCfg = Debug|Any CPU
		{D7AA36A4-7AA4-47C5-B41B-FA5C4C323F7C}.Debug|Any CPU.Build.0 = Debug|Any CPU
		{D7AA36A4-7AA4-47C5-B41B-FA5C4C323F7C}.Debug|Any CPU.Deploy.0 = Debug|Any CPU
		{D7AA36A4-7AA4-47C5-B41B-FA5C4C323F7C}.Release|Any CPU.ActiveCfg = Release|Any CPU
		{D7AA36A4-7AA4-47C5-B41B-FA5C4C323F7C}.Release|Any CPU.Build.0 = Release|Any CPU
		{D7AA36A4-7AA4-47C5-B41B-FA5C4C323F7C}.Release|Any CPU.Deploy.0 = Release|Any CPU
		{F478B773-B22C-41FF-85F9-5BD8AB151E47}.Debug|Any CPU.ActiveCfg = Debug|Any CPU
		{F478B773-B22C-41FF-85F9-5BD8AB151E47}.Debug|Any CPU.Build.0 = Debug|Any CPU
		{F478B773-B22C-41FF-85F9-5BD8AB151E47}.Debug|Any CPU.Deploy.0 = Debug|Any CPU
		{F478B773-B22C-41FF-85F9-5BD8AB151E47}.Release|Any CPU.ActiveCfg = Release|Any CPU
		{F478B773-B22C-41FF-85F9-5BD8AB151E47}.Release|Any CPU.Build.0 = Release|Any CPU
		{F478B773-B22C-41FF-85F9-5BD8AB151E47}.Release|Any CPU.Deploy.0 = Release|Any CPU
	EndGlobalSection
	GlobalSection(SolutionProperties) = preSolution
		HideSolutionNode = FALSE
	EndGlobalSection
	GlobalSection(ExtensibilityGlobals) = postSolution
		SolutionGuid = {63ABF371-30E3-42F2-BC35-5BF4614F9AE3}
	EndGlobalSection
EndGlobal
